PODS:
  - MBProgressHUD-Swift (1.0.0)

DEPENDENCIES:
  - MBProgressHUD-Swift (from `../`)

EXTERNAL SOURCES:
  MBProgressHUD-Swift:
    :path: "../"

SPEC CHECKSUMS:
  MBProgressHUD-Swift: 903598b2ab073ef7cd2790ad5b5ffb287727a346

PODFILE CHECKSUM: 5519462a415af2cfb3652f899afb34dac877565e

COCOAPODS: 1.12.1
