PODS:
  - MBProgressHUD-Swift (0.1.1)

DEPENDENCIES:
  - MBProgressHUD-Swift (from `../`)

EXTERNAL SOURCES:
  MBProgressHUD-Swift:
    :path: "../"

SPEC CHECKSUMS:
  MBProgressHUD-Swift: 80da3743eb2db49b736e095abf238497574f5ea3

PODFILE CHECKSUM: 5519462a415af2cfb3652f899afb34dac877565e

COCOAPODS: 1.12.1
